
Microsoft Visual Studio Solution File, Format Version 12.00
# Visual Studio Version 17
VisualStudioVersion = 17.0.32112.339
MinimumVisualStudioVersion = 10.0.40219.1
Project("{FAE04EC0-301F-11D3-BF4B-00C04F79EFBC}") = "NorthwindServiceCoreClient", "NorthwindServiceCoreClient\NorthwindServiceCoreClient.csproj", "{1D167EBC-A52B-482D-B51C-7115988D098E}"
EndProject
Global
	GlobalSection(SolutionConfigurationPlatforms) = preSolution
		Debug|Any CPU = Debug|Any CPU
		Release|Any CPU = Release|Any CPU
	EndGlobalSection
	GlobalSection(ProjectConfigurationPlatforms) = postSolution
		{1D167EBC-A52B-482D-B51C-7115988D098E}.Debug|Any CPU.ActiveCfg = Debug|Any CPU
		{1D167EBC-A52B-482D-B51C-7115988D098E}.Debug|Any CPU.Build.0 = Debug|Any CPU
		{1D167EBC-A52B-482D-B51C-7115988D098E}.Release|Any CPU.ActiveCfg = Release|Any CPU
		{1D167EBC-A52B-482D-B51C-7115988D098E}.Release|Any CPU.Build.0 = Release|Any CPU
	EndGlobalSection
	GlobalSection(SolutionProperties) = preSolution
		HideSolutionNode = FALSE
	EndGlobalSection
	GlobalSection(ExtensibilityGlobals) = postSolution
		SolutionGuid = {22318070-C83C-4FF4-8560-BCD6E894791A}
	EndGlobalSection
EndGlobal
